// !$*UTF8*$!
{
	archiveVersion = 1;
	classes = {
	};
	objectVersion = 46;
	objects = {

/* Begin PBXBuildFile section */
		6EDD5FE51C99D62E002099F4 /* AppDelegate.swift in Sources */ = {isa = PBXBuildFile; fileRef = 6EDD5FE41C99D62E002099F4 /* AppDelegate.swift */; };
		6EDD5FE71C99D62E002099F4 /* ViewController.swift in Sources */ = {isa = PBXBuildFile; fileRef = 6EDD5FE61C99D62E002099F4 /* ViewController.swift */; };
		6EDD5FEA1C99D62E002099F4 /* Main.storyboard in Resources */ = {isa = PBXBuildFile; fileRef = 6EDD5FE81C99D62E002099F4 /* Main.storyboard */; };
		6EDD5FEC1C99D62E002099F4 /* Assets.xcassets in Resources */ = {isa = PBXBuildFile; fileRef = 6EDD5FEB1C99D62E002099F4 /* Assets.xcassets */; };
		6EDD5FEF1C99D62E002099F4 /* LaunchScreen.storyboard in Resources */ = {isa = PBXBuildFile; fileRef = 6EDD5FED1C99D62E002099F4 /* LaunchScreen.storyboard */; };
/* End PBXBuildFile section */

/* Begin PBXFileReference section */
		6EDD5FE11C99D62E002099F4 /* CNC Calculator.app */ = {isa = PBXFileReference; explicitFileType = wrapper.application; includeInIndex = 0; path = "CNC Calculator.app"; sourceTree = BUILT_PRODUCTS_DIR; };
		6EDD5FE41C99D62E002099F4 /* AppDelegate.swift */ = {isa = PBXFileReference; lastKnownFileType = sourcecode.swift; path = AppDelegate.swift; sourceTree = "<group>"; };
		6EDD5FE61C99D62E002099F4 /* ViewController.swift */ = {isa = PBXFileReference; lastKnownFileType = sourcecode.swift; path = ViewController.swift; sourceTree = "<group>"; };
		6EDD5FE91C99D62E002099F4 /* Base */ = {isa = PBXFileReference; lastKnownFileType = file.storyboard; name = Base; path = Base.lproj/Main.storyboard; sourceTree = "<group>"; };
		6EDD5FEB1C99D62E002099F4 /* Assets.xcassets */ = {isa = PBXFileReference; lastKnownFileType = folder.assetcatalog; path = Assets.xcassets; sourceTree = "<group>"; };
		6EDD5FEE1C99D62E002099F4 /* Base */ = {isa = PBXFileReference; lastKnownFileType = file.storyboard; name = Base; path = Base.lproj/LaunchScreen.storyboard; sourceTree = "<group>"; };
		6EDD5FF01C99D62E002099F4 /* Info.plist */ = {isa = PBXFileReference; lastKnownFileType = text.plist.xml; path = Info.plist; sourceTree = "<group>"; };
/* End PBXFileReference section */

/* Begin PBXFrameworksBuildPhase section */
		6EDD5FDE1C99D62E002099F4 /* Frameworks */ = {
			isa = PBXFrameworksBuildPhase;
			buildActionMask = 2147483647;
			files = (
			);
			runOnlyForDeploymentPostprocessing = 0;
		};
/* End PBXFrameworksBuildPhase section */

/* Begin PBXGroup section */
		6EDD5FD81C99D62E002099F4 = {
			isa = PBXGroup;
			children = (
				6EDD5FE31C99D62E002099F4 /* CNC Calculator */,
				6EDD5FE21C99D62E002099F4 /* Products */,
			);
			sourceTree = "<group>";
		};
		6EDD5FE21C99D62E002099F4 /* Products */ = {
			isa = PBXGroup;
			children = (
				6EDD5FE11C99D62E002099F4 /* CNC Calculator.app */,
			);
			name = Products;
			sourceTree = "<group>";
		};
		6EDD5FE31C99D62E002099F4 /* CNC Calculator */ = {
			isa = PBXGroup;
			children = (
				6EDD5FE41C99D62E002099F4 /* AppDelegate.swift */,
				6EDD5FE61C99D62E002099F4 /* ViewController.swift */,
				6EDD5FE81C99D62E002099F4 /* Main.storyboard */,
				6EDD5FEB1C99D62E002099F4 /* Assets.xcassets */,
				6EDD5FED1C99D62E002099F4 /* LaunchScreen.storyboard */,
				6EDD5FF01C99D62E002099F4 /* Info.plist */,
			);
			path = "CNC Calculator";
			sourceTree = "<group>";
		};
/* End PBXGroup section */

/* Begin PBXNativeTarget section */
		6EDD5FE01C99D62E002099F4 /* CNC Calculator */ = {
			isa = PBXNativeTarget;
			buildConfigurationList = 6EDD5FF31C99D62E002099F4 /* Build configuration list for PBXNativeTarget "CNC Calculator" */;
			buildPhases = (
				6EDD5FDD1C99D62E002099F4 /* Sources */,
				6EDD5FDE1C99D62E002099F4 /* Frameworks */,
				6EDD5FDF1C99D62E002099F4 /* Resources */,
			);
			buildRules = (
			);
			dependencies = (
			);
			name = "CNC Calculator";
			productName = "CNC Calculator";
			productReference = 6EDD5FE11C99D62E002099F4 /* CNC Calculator.app */;
			productType = "com.apple.product-type.application";
		};
/* End PBXNativeTarget section */

/* Begin PBXProject section */
		6EDD5FD91C99D62E002099F4 /* Project object */ = {
			isa = PBXProject;
			attributes = {
				LastSwiftUpdateCheck = 0720;
				LastUpgradeCheck = 0720;
				ORGANIZATIONNAME = "Ioanis Constantinou";
				TargetAttributes = {
					6EDD5FE01C99D62E002099F4 = {
						CreatedOnToolsVersion = 7.2.1;
						DevelopmentTeam = Q56QZ2TGE9;
					};
				};
			};
			buildConfigurationList = 6EDD5FDC1C99D62E002099F4 /* Build configuration list for PBXProject "CNC Calculator" */;
			compatibilityVersion = "Xcode 3.2";
			developmentRegion = English;
			hasScannedForEncodings = 0;
			knownRegions = (
				en,
				Base,
			);
			mainGroup = 6EDD5FD81C99D62E002099F4;
			productRefGroup = 6EDD5FE21C99D62E002099F4 /* Products */;
			projectDirPath = "";
			projectRoot = "";
			targets = (
				6EDD5FE01C99D62E002099F4 /* CNC Calculator */,
			);
		};
/* End PBXProject section */

/* Begin PBXResourcesBuildPhase section */
		6EDD5FDF1C99D62E002099F4 /* Resources */ = {
			isa = PBXResourcesBuildPhase;
			buildActionMask = 2147483647;
			files = (
				6EDD5FEF1C99D62E002099F4 /* LaunchScreen.storyboard in Resources */,
				6EDD5FEC1C99D62E002099F4 /* Assets.xcassets in Resources */,
				6EDD5FEA1C99D62E002099F4 /* Main.storyboard in Resources */,
			);
			runOnlyForDeploymentPostprocessing = 0;
		};
/* End PBXResourcesBuildPhase section */

/* Begin PBXSourcesBuildPhase section */
		6EDD5FDD1C99D62E002099F4 /* Sources */ = {
			isa = PBXSourcesBuildPhase;
			buildActionMask = 2147483647;
			files = (
				6EDD5FE71C99D62E002099F4 /* ViewController.swift in Sources */,
				6EDD5FE51C99D62E002099F4 /* AppDelegate.swift in Sources */,
			);
			runOnlyForDeploymentPostprocessing = 0;
		};
/* End PBXSourcesBuildPhase section */

/* Begin PBXVariantGroup section */
		6EDD5FE81C99D62E002099F4 /* Main.storyboard */ = {
			isa = PBXVariantGroup;
			children = (
				6EDD5FE91C99D62E002099F4 /* Base */,
			);
			name = Main.storyboard;
			sourceTree = "<group>";
		};
		6EDD5FED1C99D62E002099F4 /* LaunchScreen.storyboard */ = {
			isa = PBXVariantGroup;
			children = (
				6EDD5FEE1C99D62E002099F4 /* Base */,
			);
			name = LaunchScreen.storyboard;
			sourceTree = "<group>";
		};
/* End PBXVariantGroup section */

/* Begin XCBuildConfiguration section */
		6EDD5FF11C99D62E002099F4 /* Debug */ = {
			isa = XCBuildConfiguration;
			buildSettings = {
				ALWAYS_SEARCH_USER_PATHS = NO;
				CLANG_CXX_LANGUAGE_STANDARD = "gnu++0x";
				CLANG_CXX_LIBRARY = "libc++";
				CLANG_ENABLE_MODULES = YES;
				CLANG_ENABLE_OBJC_ARC = YES;
				CLANG_WARN_BOOL_CONVERSION = YES;
				CLANG_WARN_CONSTANT_CONVERSION = YES;
				CLANG_WARN_DIRECT_OBJC_ISA_USAGE = YES_ERROR;
				CLANG_WARN_EMPTY_BODY = YES;
				CLANG_WARN_ENUM_CONVERSION = YES;
				CLANG_WARN_INT_CONVERSION = YES;
				CLANG_WARN_OBJC_ROOT_CLASS = YES_ERROR;
				CLANG_WARN_UNREACHABLE_CODE = YES;
				CLANG_WARN__DUPLICATE_METHOD_MATCH = YES;
				"CODE_SIGN_IDENTITY[sdk=iphoneos*]" = "iPhone Developer";
				COPY_PHASE_STRIP = NO;
				DEBUG_INFORMATION_FORMAT = dwarf;
				ENABLE_STRICT_OBJC_MSGSEND = YES;
				ENABLE_TESTABILITY = YES;
				GCC_C_LANGUAGE_STANDARD = gnu99;
				GCC_DYNAMIC_NO_PIC = NO;
				GCC_NO_COMMON_BLOCKS = YES;
				GCC_OPTIMIZATION_LEVEL = 0;
				GCC_PREPROCESSOR_DEFINITIONS = (
					"DEBUG=1",
					"$(inherited)",
				);
				GCC_WARN_64_TO_32_BIT_CONVERSION = YES;
				GCC_WARN_ABOUT_RETURN_TYPE = YES_ERROR;
				GCC_WARN_UNDECLARED_SELECTOR = YES;
				GCC_WARN_UNINITIALIZED_AUTOS = YES_AGGRESSIVE;
				GCC_WARN_UNUSED_FUNCTION = YES;
				GCC_WARN_UNUSED_VARIABLE = YES;
				IPHONEOS_DEPLOYMENT_TARGET = 9.2;
				MTL_ENABLE_DEBUG_INFO = YES;
				ONLY_ACTIVE_ARCH = YES;
				SDKROOT = iphoneos;
				SWIFT_OPTIMIZATION_LEVEL = "-Onone";
				TARGETED_DEVICE_FAMILY = "1,2";
			};
			name = Debug;
		};
		6EDD5FF21C99D62E002099F4 /* Release */ = {
			isa = XCBuildConfiguration;
			buildSettings = {
				ALWAYS_SEARCH_USER_PATHS = NO;
				CLANG_CXX_LANGUAGE_STANDARD = "gnu++0x";
				CLANG_CXX_LIBRARY = "libc++";
				CLANG_ENABLE_MODULES = YES;
				CLANG_ENABLE_OBJC_ARC = YES;
				CLANG_WARN_BOOL_CONVERSION = YES;
				CLANG_WARN_CONSTANT_CONVERSION = YES;
				CLANG_WARN_DIRECT_OBJC_ISA_USAGE = YES_ERROR;
				CLANG_WARN_EMPTY_BODY = YES;
				CLANG_WARN_ENUM_CONVERSION = YES;
				CLANG_WARN_INT_CONVERSION = YES;
				CLANG_WARN_OBJC_ROOT_CLASS = YES_ERROR;
				CLANG_WARN_UNREACHABLE_CODE = YES;
				CLANG_WARN__DUPLICATE_METHOD_MATCH = YES;
				"CODE_SIGN_IDENTITY[sdk=iphoneos*]" = "iPhone Developer";
				COPY_PHASE_STRIP = NO;
				DEBUG_INFORMATION_FORMAT = "dwarf-with-dsym";
				ENABLE_NS_ASSERTIONS = NO;
				ENABLE_STRICT_OBJC_MSGSEND = YES;
				GCC_C_LANGUAGE_STANDARD = gnu99;
				GCC_NO_COMMON_BLOCKS = YES;
				GCC_WARN_64_TO_32_BIT_CONVERSION = YES;
				GCC_WARN_ABOUT_RETURN_TYPE = YES_ERROR;
				GCC_WARN_UNDECLARED_SELECTOR = YES;
				GCC_WARN_UNINITIALIZED_AUTOS = YES_AGGRESSIVE;
				GCC_WARN_UNUSED_FUNCTION = YES;
				GCC_WARN_UNUSED_VARIABLE = YES;
				IPHONEOS_DEPLOYMENT_TARGET = 9.2;
				MTL_ENABLE_DEBUG_INFO = NO;
				SDKROOT = iphoneos;
				TARGETED_DEVICE_FAMILY = "1,2";
				VALIDATE_PRODUCT = YES;
			};
			name = Release;
		};
		6EDD5FF41C99D62E002099F4 /* Debug */ = {
			isa = XCBuildConfiguration;
			buildSettings = {
				ASSETCATALOG_COMPILER_APPICON_NAME = AppIcon;
				INFOPLIST_FILE = "CNC Calculator/Info.plist";
				LD_RUNPATH_SEARCH_PATHS = "$(inherited) @executable_path/Frameworks";
				PRODUCT_BUNDLE_IDENTIFIER = "prototipo.CNC-Calculator";
				PRODUCT_NAME = "$(TARGET_NAME)";
			};
			name = Debug;
		};
		6EDD5FF51C99D62E002099F4 /* Release */ = {
			isa = XCBuildConfiguration;
			buildSettings = {
				ASSETCATALOG_COMPILER_APPICON_NAME = AppIcon;
				INFOPLIST_FILE = "CNC Calculator/Info.plist";
				LD_RUNPATH_SEARCH_PATHS = "$(inherited) @executable_path/Frameworks";
				PRODUCT_BUNDLE_IDENTIFIER = "prototipo.CNC-Calculator";
				PRODUCT_NAME = "$(TARGET_NAME)";
			};
			name = Release;
		};
/* End XCBuildConfiguration section */

/* Begin XCConfigurationList section */
		6EDD5FDC1C99D62E002099F4 /* Build configuration list for PBXProject "CNC Calculator" */ = {
			isa = XCConfigurationList;
			buildConfigurations = (
				6EDD5FF11C99D62E002099F4 /* Debug */,
				6EDD5FF21C99D62E002099F4 /* Release */,
			);
			defaultConfigurationIsVisible = 0;
			defaultConfigurationName = Release;
		};
		6EDD5FF31C99D62E002099F4 /* Build configuration list for PBXNativeTarget "CNC Calculator" */ = {
			isa = XCConfigurationList;
			buildConfigurations = (
				6EDD5FF41C99D62E002099F4 /* Debug */,
				6EDD5FF51C99D62E002099F4 /* Release */,
			);
			defaultConfigurationIsVisible = 0;
		};
/* End XCConfigurationList section */
	};
	rootObject = 6EDD5FD91C99D62E002099F4 /* Project object */;
}
